<?xml version="1.0" encoding="utf-8"?>
<Project ToolsVersion="4.0" xmlns="http://schemas.microsoft.com/developer/msbuild/2003">
  <ItemGroup>
    <Filter Include="Исходные файлы">
      <UniqueIdentifier>{4FC737F1-C7A5-4376-A066-2A32D752A2FF}</UniqueIdentifier>
      <Extensions>cpp;c;cc;cxx;c++;cppm;ixx;def;odl;idl;hpj;bat;asm;asmx</Extensions>
    </Filter>
    <Filter Include="Файлы заголовков">
      <UniqueIdentifier>{93995380-89BD-4b04-88EB-625FBE52EBFB}</UniqueIdentifier>
      <Extensions>h;hh;hpp;hxx;h++;hm;inl;inc;ipp;xsd</Extensions>
    </Filter>
    <Filter Include="Файлы ресурсов">
      <UniqueIdentifier>{67DA6AB6-F800-4c08-8B7A-83BB121AAD01}</UniqueIdentifier>
      <Extensions>rc;ico;cur;bmp;dlg;rc2;rct;bin;rgs;gif;jpg;jpeg;jpe;resx;tiff;tif;png;wav;mfcribbon-ms</Extensions>
    </Filter>
    <Filter Include="Файлы заголовков\GA">
      <UniqueIdentifier>{389f9463-468b-451d-b7a3-7d7296c36024}</UniqueIdentifier>
    </Filter>
    <Filter Include="Исходные файлы\GA">
      <UniqueIdentifier>{1cfecaef-8ad5-4ea0-ad8f-57ee160e97c2}</UniqueIdentifier>
    </Filter>
    <Filter Include="Файлы заголовков\Random">
      <UniqueIdentifier>{de6f5007-c3c1-40d1-8f50-3a8ece409593}</UniqueIdentifier>
    </Filter>
    <Filter Include="Исходные файлы\Random">
      <UniqueIdentifier>{ec908e3e-2cf8-491a-a245-ec82dc166c87}</UniqueIdentifier>
    </Filter>
    <Filter Include="Файлы заголовков\GAOperations">
      <UniqueIdentifier>{be51552f-eea7-4361-a5cb-3409b815aa9a}</UniqueIdentifier>
    </Filter>
    <Filter Include="Исходные файлы\GAOperations">
      <UniqueIdentifier>{130e2606-84f6-4d71-a1be-fe3ae9ba0a4f}</UniqueIdentifier>
    </Filter>
    <Filter Include="Файлы заголовков\Tree">
      <UniqueIdentifier>{cced7160-04ec-4073-8fa9-32798182ec26}</UniqueIdentifier>
    </Filter>
    <Filter Include="Исходные файлы\Tree">
      <UniqueIdentifier>{1c62c986-a600-49bd-a899-1c99f4c898c7}</UniqueIdentifier>
    </Filter>
  </ItemGroup>
  <ItemGroup>
    <ClCompile Include="main.cpp">
      <Filter>Исходные файлы</Filter>
    </ClCompile>
    <ClCompile Include="Calculate.cpp">
      <Filter>Исходные файлы</Filter>
    </ClCompile>
    <ClCompile Include="Chromosome.cpp">
      <Filter>Исходные файлы\GA</Filter>
    </ClCompile>
    <ClCompile Include="GAWorker.cpp">
      <Filter>Исходные файлы\GA</Filter>
    </ClCompile>
    <ClCompile Include="GASelector.cpp">
      <Filter>Исходные файлы\GA</Filter>
    </ClCompile>
    <ClCompile Include="GAExecuter.cpp">
      <Filter>Исходные файлы\GA</Filter>
    </ClCompile>
    <ClCompile Include="Random.cpp">
      <Filter>Исходные файлы\Random</Filter>
    </ClCompile>
    <ClCompile Include="SubTreeGenerator.cpp">
      <Filter>Исходные файлы\Tree</Filter>
    </ClCompile>
    <ClCompile Include="Tree.cpp">
      <Filter>Исходные файлы\Tree</Filter>
    </ClCompile>
    <ClCompile Include="Node.cpp">
      <Filter>Исходные файлы\Tree</Filter>
    </ClCompile>
    <ClCompile Include="RedefinedOperators.cpp">
      <Filter>Исходные файлы</Filter>
    </ClCompile>
    <ClCompile Include="GAEvaluate.cpp">
      <Filter>Исходные файлы\GAOperations</Filter>
    </ClCompile>
    <ClCompile Include="GAOperators.cpp">
      <Filter>Исходные файлы\GAOperations</Filter>
    </ClCompile>
  </ItemGroup>
  <ItemGroup>
    <ClInclude Include="Calculate.h">
      <Filter>Файлы заголовков</Filter>
    </ClInclude>
    <ClInclude Include="Chromosome.h">
      <Filter>Файлы заголовков\GA</Filter>
    </ClInclude>
    <ClInclude Include="GAWorker.h">
      <Filter>Файлы заголовков\GA</Filter>
    </ClInclude>
    <ClInclude Include="GASelector.h">
      <Filter>Файлы заголовков\GA</Filter>
    </ClInclude>
    <ClInclude Include="GAExecuter.h">
      <Filter>Файлы заголовков\GA</Filter>
    </ClInclude>
    <ClInclude Include="Random.h">
      <Filter>Файлы заголовков\Random</Filter>
    </ClInclude>
    <ClInclude Include="GAOperators.h">
      <Filter>Файлы заголовков\GAOperations</Filter>
    </ClInclude>
    <ClInclude Include="GAEvaluate.h">
      <Filter>Файлы заголовков\GAOperations</Filter>
    </ClInclude>
    <ClInclude Include="SubTreeGenerator.h">
      <Filter>Файлы заголовков\Tree</Filter>
    </ClInclude>
    <ClInclude Include="Node.h">
      <Filter>Файлы заголовков\Tree</Filter>
    </ClInclude>
    <ClInclude Include="Tree.h">
      <Filter>Файлы заголовков\Tree</Filter>
    </ClInclude>
    <ClInclude Include="RedefinedOperators.h">
      <Filter>Файлы заголовков</Filter>
    </ClInclude>
  </ItemGroup>
</Project>